
Microsoft Visual Studio Solution File, Format Version 12.00
# Visual Studio 14
VisualStudioVersion = 14.0.25123.0
MinimumVisualStudioVersion = 10.0.40219.1
Project("{FAE04EC0-301F-11D3-BF4B-00C04F79EFBC}") = "Bridge", "Bridge\Bridge.csproj", "{70F20EED-E657-4CDF-A363-F2251487D6DD}"
EndProject
Project("{FAE04EC0-301F-11D3-BF4B-00C04F79EFBC}") = "Earth", "Earth\Earth.csproj", "{11859718-4A64-4E95-A22D-CB22FA54E821}"
EndProject
Project("{FAE04EC0-301F-11D3-BF4B-00C04F79EFBC}") = "Heaven", "Heaven\Heaven.csproj", "{05030779-0515-4F4C-A5C2-EC6C8FE5929C}"
EndProject
Global
	GlobalSection(SolutionConfigurationPlatforms) = preSolution
		Debug|Any CPU = Debug|Any CPU
		Release|Any CPU = Release|Any CPU
	EndGlobalSection
	GlobalSection(ProjectConfigurationPlatforms) = postSolution
		{70F20EED-E657-4CDF-A363-F2251487D6DD}.Debug|Any CPU.ActiveCfg = Debug|Any CPU
		{70F20EED-E657-4CDF-A363-F2251487D6DD}.Debug|Any CPU.Build.0 = Debug|Any CPU
		{70F20EED-E657-4CDF-A363-F2251487D6DD}.Release|Any CPU.ActiveCfg = Release|Any CPU
		{70F20EED-E657-4CDF-A363-F2251487D6DD}.Release|Any CPU.Build.0 = Release|Any CPU
		{11859718-4A64-4E95-A22D-CB22FA54E821}.Debug|Any CPU.ActiveCfg = Debug|Any CPU
		{11859718-4A64-4E95-A22D-CB22FA54E821}.Debug|Any CPU.Build.0 = Debug|Any CPU
		{11859718-4A64-4E95-A22D-CB22FA54E821}.Release|Any CPU.ActiveCfg = Release|Any CPU
		{11859718-4A64-4E95-A22D-CB22FA54E821}.Release|Any CPU.Build.0 = Release|Any CPU
		{05030779-0515-4F4C-A5C2-EC6C8FE5929C}.Debug|Any CPU.ActiveCfg = Debug|Any CPU
		{05030779-0515-4F4C-A5C2-EC6C8FE5929C}.Debug|Any CPU.Build.0 = Debug|Any CPU
		{05030779-0515-4F4C-A5C2-EC6C8FE5929C}.Release|Any CPU.ActiveCfg = Release|Any CPU
		{05030779-0515-4F4C-A5C2-EC6C8FE5929C}.Release|Any CPU.Build.0 = Release|Any CPU
	EndGlobalSection
	GlobalSection(SolutionProperties) = preSolution
		HideSolutionNode = FALSE
	EndGlobalSection
EndGlobal
